// !$*UTF8*$!
{
	archiveVersion = 1;
	classes = {
	};
	objectVersion = 50;
	objects = {

/* Begin PBXBuildFile section */
		A81C126B26EA9652003339CB /* AppDelegate.swift in Sources */ = {isa = PBXBuildFile; fileRef = A81C126A26EA9652003339CB /* AppDelegate.swift */; };
		A81C126D26EA9652003339CB /* SceneDelegate.swift in Sources */ = {isa = PBXBuildFile; fileRef = A81C126C26EA9652003339CB /* SceneDelegate.swift */; };
		A81C127226EA9652003339CB /* Main.storyboard in Resources */ = {isa = PBXBuildFile; fileRef = A81C127026EA9652003339CB /* Main.storyboard */; };
		A81C127426EA9653003339CB /* Assets.xcassets in Resources */ = {isa = PBXBuildFile; fileRef = A81C127326EA9653003339CB /* Assets.xcassets */; };
		A81C127726EA9653003339CB /* LaunchScreen.storyboard in Resources */ = {isa = PBXBuildFile; fileRef = A81C127526EA9653003339CB /* LaunchScreen.storyboard */; };
		A81C128126EA9CC3003339CB /* CollectionViewController.swift in Sources */ = {isa = PBXBuildFile; fileRef = A81C128026EA9CC3003339CB /* CollectionViewController.swift */; };
		A81C128326EA9CEF003339CB /* PersonCell.swift in Sources */ = {isa = PBXBuildFile; fileRef = A81C128226EA9CEF003339CB /* PersonCell.swift */; };
		A81C128B26EAA555003339CB /* Model.swift in Sources */ = {isa = PBXBuildFile; fileRef = A81C128A26EAA555003339CB /* Model.swift */; };
/* End PBXBuildFile section */

/* Begin PBXFileReference section */
		A81C126726EA9652003339CB /* avito.app */ = {isa = PBXFileReference; explicitFileType = wrapper.application; includeInIndex = 0; path = avito.app; sourceTree = BUILT_PRODUCTS_DIR; };
		A81C126A26EA9652003339CB /* AppDelegate.swift */ = {isa = PBXFileReference; lastKnownFileType = sourcecode.swift; path = AppDelegate.swift; sourceTree = "<group>"; };
		A81C126C26EA9652003339CB /* SceneDelegate.swift */ = {isa = PBXFileReference; lastKnownFileType = sourcecode.swift; path = SceneDelegate.swift; sourceTree = "<group>"; };
		A81C127126EA9652003339CB /* Base */ = {isa = PBXFileReference; lastKnownFileType = file.storyboard; name = Base; path = Base.lproj/Main.storyboard; sourceTree = "<group>"; };
		A81C127326EA9653003339CB /* Assets.xcassets */ = {isa = PBXFileReference; lastKnownFileType = folder.assetcatalog; path = Assets.xcassets; sourceTree = "<group>"; };
		A81C127626EA9653003339CB /* Base */ = {isa = PBXFileReference; lastKnownFileType = file.storyboard; name = Base; path = Base.lproj/LaunchScreen.storyboard; sourceTree = "<group>"; };
		A81C127826EA9653003339CB /* Info.plist */ = {isa = PBXFileReference; lastKnownFileType = text.plist.xml; path = Info.plist; sourceTree = "<group>"; };
		A81C128026EA9CC3003339CB /* CollectionViewController.swift */ = {isa = PBXFileReference; lastKnownFileType = sourcecode.swift; path = CollectionViewController.swift; sourceTree = "<group>"; };
		A81C128226EA9CEF003339CB /* PersonCell.swift */ = {isa = PBXFileReference; lastKnownFileType = sourcecode.swift; path = PersonCell.swift; sourceTree = "<group>"; };
		A81C128A26EAA555003339CB /* Model.swift */ = {isa = PBXFileReference; lastKnownFileType = sourcecode.swift; path = Model.swift; sourceTree = "<group>"; };
/* End PBXFileReference section */

/* Begin PBXFrameworksBuildPhase section */
		A81C126426EA9652003339CB /* Frameworks */ = {
			isa = PBXFrameworksBuildPhase;
			buildActionMask = 2147483647;
			files = (
			);
			runOnlyForDeploymentPostprocessing = 0;
		};
/* End PBXFrameworksBuildPhase section */

/* Begin PBXGroup section */
		A81C125E26EA9652003339CB = {
			isa = PBXGroup;
			children = (
				A81C126926EA9652003339CB /* avito */,
				A81C126826EA9652003339CB /* Products */,
			);
			sourceTree = "<group>";
		};
		A81C126826EA9652003339CB /* Products */ = {
			isa = PBXGroup;
			children = (
				A81C126726EA9652003339CB /* avito.app */,
			);
			name = Products;
			sourceTree = "<group>";
		};
		A81C126926EA9652003339CB /* avito */ = {
			isa = PBXGroup;
			children = (
				A81C126A26EA9652003339CB /* AppDelegate.swift */,
				A81C126C26EA9652003339CB /* SceneDelegate.swift */,
				A81C127026EA9652003339CB /* Main.storyboard */,
				A81C128226EA9CEF003339CB /* PersonCell.swift */,
				A81C128026EA9CC3003339CB /* CollectionViewController.swift */,
				A81C128A26EAA555003339CB /* Model.swift */,
				A81C127326EA9653003339CB /* Assets.xcassets */,
				A81C127526EA9653003339CB /* LaunchScreen.storyboard */,
				A81C127826EA9653003339CB /* Info.plist */,
			);
			path = avito;
			sourceTree = "<group>";
		};
/* End PBXGroup section */

/* Begin PBXNativeTarget section */
		A81C126626EA9652003339CB /* avito */ = {
			isa = PBXNativeTarget;
			buildConfigurationList = A81C127B26EA9653003339CB /* Build configuration list for PBXNativeTarget "avito" */;
			buildPhases = (
				A81C126326EA9652003339CB /* Sources */,
				A81C126426EA9652003339CB /* Frameworks */,
				A81C126526EA9652003339CB /* Resources */,
			);
			buildRules = (
			);
			dependencies = (
			);
			name = avito;
			productName = avito;
			productReference = A81C126726EA9652003339CB /* avito.app */;
			productType = "com.apple.product-type.application";
		};
/* End PBXNativeTarget section */

/* Begin PBXProject section */
		A81C125F26EA9652003339CB /* Project object */ = {
			isa = PBXProject;
			attributes = {
				LastSwiftUpdateCheck = 1250;
				LastUpgradeCheck = 1250;
				TargetAttributes = {
					A81C126626EA9652003339CB = {
						CreatedOnToolsVersion = 12.5.1;
					};
				};
			};
			buildConfigurationList = A81C126226EA9652003339CB /* Build configuration list for PBXProject "avito" */;
			compatibilityVersion = "Xcode 9.3";
			developmentRegion = en;
			hasScannedForEncodings = 0;
			knownRegions = (
				en,
				Base,
			);
			mainGroup = A81C125E26EA9652003339CB;
			productRefGroup = A81C126826EA9652003339CB /* Products */;
			projectDirPath = "";
			projectRoot = "";
			targets = (
				A81C126626EA9652003339CB /* avito */,
			);
		};
/* End PBXProject section */

/* Begin PBXResourcesBuildPhase section */
		A81C126526EA9652003339CB /* Resources */ = {
			isa = PBXResourcesBuildPhase;
			buildActionMask = 2147483647;
			files = (
				A81C127726EA9653003339CB /* LaunchScreen.storyboard in Resources */,
				A81C127426EA9653003339CB /* Assets.xcassets in Resources */,
				A81C127226EA9652003339CB /* Main.storyboard in Resources */,
			);
			runOnlyForDeploymentPostprocessing = 0;
		};
/* End PBXResourcesBuildPhase section */

/* Begin PBXSourcesBuildPhase section */
		A81C126326EA9652003339CB /* Sources */ = {
			isa = PBXSourcesBuildPhase;
			buildActionMask = 2147483647;
			files = (
				A81C128B26EAA555003339CB /* Model.swift in Sources */,
				A81C128126EA9CC3003339CB /* CollectionViewController.swift in Sources */,
				A81C126B26EA9652003339CB /* AppDelegate.swift in Sources */,
				A81C128326EA9CEF003339CB /* PersonCell.swift in Sources */,
				A81C126D26EA9652003339CB /* SceneDelegate.swift in Sources */,
			);
			runOnlyForDeploymentPostprocessing = 0;
		};
/* End PBXSourcesBuildPhase section */

/* Begin PBXVariantGroup section */
		A81C127026EA9652003339CB /* Main.storyboard */ = {
			isa = PBXVariantGroup;
			children = (
				A81C127126EA9652003339CB /* Base */,
			);
			name = Main.storyboard;
			sourceTree = "<group>";
		};
		A81C127526EA9653003339CB /* LaunchScreen.storyboard */ = {
			isa = PBXVariantGroup;
			children = (
				A81C127626EA9653003339CB /* Base */,
			);
			name = LaunchScreen.storyboard;
			sourceTree = "<group>";
		};
/* End PBXVariantGroup section */

/* Begin XCBuildConfiguration section */
		A81C127926EA9653003339CB /* Debug */ = {
			isa = XCBuildConfiguration;
			buildSettings = {
				ALWAYS_SEARCH_USER_PATHS = NO;
				CLANG_ANALYZER_NONNULL = YES;
				CLANG_ANALYZER_NUMBER_OBJECT_CONVERSION = YES_AGGRESSIVE;
				CLANG_CXX_LANGUAGE_STANDARD = "gnu++14";
				CLANG_CXX_LIBRARY = "libc++";
				CLANG_ENABLE_MODULES = YES;
				CLANG_ENABLE_OBJC_ARC = YES;
				CLANG_ENABLE_OBJC_WEAK = YES;
				CLANG_WARN_BLOCK_CAPTURE_AUTORELEASING = YES;
				CLANG_WARN_BOOL_CONVERSION = YES;
				CLANG_WARN_COMMA = YES;
				CLANG_WARN_CONSTANT_CONVERSION = YES;
				CLANG_WARN_DEPRECATED_OBJC_IMPLEMENTATIONS = YES;
				CLANG_WARN_DIRECT_OBJC_ISA_USAGE = YES_ERROR;
				CLANG_WARN_DOCUMENTATION_COMMENTS = YES;
				CLANG_WARN_EMPTY_BODY = YES;
				CLANG_WARN_ENUM_CONVERSION = YES;
				CLANG_WARN_INFINITE_RECURSION = YES;
				CLANG_WARN_INT_CONVERSION = YES;
				CLANG_WARN_NON_LITERAL_NULL_CONVERSION = YES;
				CLANG_WARN_OBJC_IMPLICIT_RETAIN_SELF = YES;
				CLANG_WARN_OBJC_LITERAL_CONVERSION = YES;
				CLANG_WARN_OBJC_ROOT_CLASS = YES_ERROR;
				CLANG_WARN_QUOTED_INCLUDE_IN_FRAMEWORK_HEADER = YES;
				CLANG_WARN_RANGE_LOOP_ANALYSIS = YES;
				CLANG_WARN_STRICT_PROTOTYPES = YES;
				CLANG_WARN_SUSPICIOUS_MOVE = YES;
				CLANG_WARN_UNGUARDED_AVAILABILITY = YES_AGGRESSIVE;
				CLANG_WARN_UNREACHABLE_CODE = YES;
				CLANG_WARN__DUPLICATE_METHOD_MATCH = YES;
				COPY_PHASE_STRIP = NO;
				DEBUG_INFORMATION_FORMAT = dwarf;
				ENABLE_STRICT_OBJC_MSGSEND = YES;
				ENABLE_TESTABILITY = YES;
				GCC_C_LANGUAGE_STANDARD = gnu11;
				GCC_DYNAMIC_NO_PIC = NO;
				GCC_NO_COMMON_BLOCKS = YES;
				GCC_OPTIMIZATION_LEVEL = 0;
				GCC_PREPROCESSOR_DEFINITIONS = (
					"DEBUG=1",
					"$(inherited)",
				);
				GCC_WARN_64_TO_32_BIT_CONVERSION = YES;
				GCC_WARN_ABOUT_RETURN_TYPE = YES_ERROR;
				GCC_WARN_UNDECLARED_SELECTOR = YES;
				GCC_WARN_UNINITIALIZED_AUTOS = YES_AGGRESSIVE;
				GCC_WARN_UNUSED_FUNCTION = YES;
				GCC_WARN_UNUSED_VARIABLE = YES;
				IPHONEOS_DEPLOYMENT_TARGET = 13.0;
				MTL_ENABLE_DEBUG_INFO = INCLUDE_SOURCE;
				MTL_FAST_MATH = YES;
				ONLY_ACTIVE_ARCH = YES;
				SDKROOT = iphoneos;
				SWIFT_ACTIVE_COMPILATION_CONDITIONS = DEBUG;
				SWIFT_OPTIMIZATION_LEVEL = "-Onone";
			};
			name = Debug;
		};
		A81C127A26EA9653003339CB /* Release */ = {
			isa = XCBuildConfiguration;
			buildSettings = {
				ALWAYS_SEARCH_USER_PATHS = NO;
				CLANG_ANALYZER_NONNULL = YES;
				CLANG_ANALYZER_NUMBER_OBJECT_CONVERSION = YES_AGGRESSIVE;
				CLANG_CXX_LANGUAGE_STANDARD = "gnu++14";
				CLANG_CXX_LIBRARY = "libc++";
				CLANG_ENABLE_MODULES = YES;
				CLANG_ENABLE_OBJC_ARC = YES;
				CLANG_ENABLE_OBJC_WEAK = YES;
				CLANG_WARN_BLOCK_CAPTURE_AUTORELEASING = YES;
				CLANG_WARN_BOOL_CONVERSION = YES;
				CLANG_WARN_COMMA = YES;
				CLANG_WARN_CONSTANT_CONVERSION = YES;
				CLANG_WARN_DEPRECATED_OBJC_IMPLEMENTATIONS = YES;
				CLANG_WARN_DIRECT_OBJC_ISA_USAGE = YES_ERROR;
				CLANG_WARN_DOCUMENTATION_COMMENTS = YES;
				CLANG_WARN_EMPTY_BODY = YES;
				CLANG_WARN_ENUM_CONVERSION = YES;
				CLANG_WARN_INFINITE_RECURSION = YES;
				CLANG_WARN_INT_CONVERSION = YES;
				CLANG_WARN_NON_LITERAL_NULL_CONVERSION = YES;
				CLANG_WARN_OBJC_IMPLICIT_RETAIN_SELF = YES;
				CLANG_WARN_OBJC_LITERAL_CONVERSION = YES;
				CLANG_WARN_OBJC_ROOT_CLASS = YES_ERROR;
				CLANG_WARN_QUOTED_INCLUDE_IN_FRAMEWORK_HEADER = YES;
				CLANG_WARN_RANGE_LOOP_ANALYSIS = YES;
				CLANG_WARN_STRICT_PROTOTYPES = YES;
				CLANG_WARN_SUSPICIOUS_MOVE = YES;
				CLANG_WARN_UNGUARDED_AVAILABILITY = YES_AGGRESSIVE;
				CLANG_WARN_UNREACHABLE_CODE = YES;
				CLANG_WARN__DUPLICATE_METHOD_MATCH = YES;
				COPY_PHASE_STRIP = NO;
				DEBUG_INFORMATION_FORMAT = "dwarf-with-dsym";
				ENABLE_NS_ASSERTIONS = NO;
				ENABLE_STRICT_OBJC_MSGSEND = YES;
				GCC_C_LANGUAGE_STANDARD = gnu11;
				GCC_NO_COMMON_BLOCKS = YES;
				GCC_WARN_64_TO_32_BIT_CONVERSION = YES;
				GCC_WARN_ABOUT_RETURN_TYPE = YES_ERROR;
				GCC_WARN_UNDECLARED_SELECTOR = YES;
				GCC_WARN_UNINITIALIZED_AUTOS = YES_AGGRESSIVE;
				GCC_WARN_UNUSED_FUNCTION = YES;
				GCC_WARN_UNUSED_VARIABLE = YES;
				IPHONEOS_DEPLOYMENT_TARGET = 13.0;
				MTL_ENABLE_DEBUG_INFO = NO;
				MTL_FAST_MATH = YES;
				SDKROOT = iphoneos;
				SWIFT_COMPILATION_MODE = wholemodule;
				SWIFT_OPTIMIZATION_LEVEL = "-O";
				VALIDATE_PRODUCT = YES;
			};
			name = Release;
		};
		A81C127C26EA9653003339CB /* Debug */ = {
			isa = XCBuildConfiguration;
			buildSettings = {
				ASSETCATALOG_COMPILER_APPICON_NAME = AppIcon;
				ASSETCATALOG_COMPILER_GLOBAL_ACCENT_COLOR_NAME = AccentColor;
				CODE_SIGN_STYLE = Automatic;
				DEVELOPMENT_TEAM = 26B3X9QZVZ;
				INFOPLIST_FILE = avito/Info.plist;
				IPHONEOS_DEPLOYMENT_TARGET = 13.0;
				LD_RUNPATH_SEARCH_PATHS = (
					"$(inherited)",
					"@executable_path/Frameworks",
				);
				PRODUCT_BUNDLE_IDENTIFIER = com.YaroslavFomenko.avito;
				PRODUCT_NAME = "$(TARGET_NAME)";
				SWIFT_VERSION = 5.0;
				TARGETED_DEVICE_FAMILY = "1,2";
			};
			name = Debug;
		};
		A81C127D26EA9653003339CB /* Release */ = {
			isa = XCBuildConfiguration;
			buildSettings = {
				ASSETCATALOG_COMPILER_APPICON_NAME = AppIcon;
				ASSETCATALOG_COMPILER_GLOBAL_ACCENT_COLOR_NAME = AccentColor;
				CODE_SIGN_STYLE = Automatic;
				DEVELOPMENT_TEAM = 26B3X9QZVZ;
				INFOPLIST_FILE = avito/Info.plist;
				IPHONEOS_DEPLOYMENT_TARGET = 13.0;
				LD_RUNPATH_SEARCH_PATHS = (
					"$(inherited)",
					"@executable_path/Frameworks",
				);
				PRODUCT_BUNDLE_IDENTIFIER = com.YaroslavFomenko.avito;
				PRODUCT_NAME = "$(TARGET_NAME)";
				SWIFT_VERSION = 5.0;
				TARGETED_DEVICE_FAMILY = "1,2";
			};
			name = Release;
		};
/* End XCBuildConfiguration section */

/* Begin XCConfigurationList section */
		A81C126226EA9652003339CB /* Build configuration list for PBXProject "avito" */ = {
			isa = XCConfigurationList;
			buildConfigurations = (
				A81C127926EA9653003339CB /* Debug */,
				A81C127A26EA9653003339CB /* Release */,
			);
			defaultConfigurationIsVisible = 0;
			defaultConfigurationName = Release;
		};
		A81C127B26EA9653003339CB /* Build configuration list for PBXNativeTarget "avito" */ = {
			isa = XCConfigurationList;
			buildConfigurations = (
				A81C127C26EA9653003339CB /* Debug */,
				A81C127D26EA9653003339CB /* Release */,
			);
			defaultConfigurationIsVisible = 0;
			defaultConfigurationName = Release;
		};
/* End XCConfigurationList section */
	};
	rootObject = A81C125F26EA9652003339CB /* Project object */;
}
